
Microsoft Visual Studio Solution File, Format Version 12.00
# Visual Studio Version 16
VisualStudioVersion = 16.0.810.17
MinimumVisualStudioVersion = 10.0.40219.1
Project("{FAE04EC0-301F-11D3-BF4B-00C04F79EFBC}") = "HW6", "HW6.csproj", "{D946E4DF-89D0-4178-8548-92C568BED50D}"
EndProject
Global
	GlobalSection(SolutionConfigurationPlatforms) = preSolution
		Debug|Any CPU = Debug|Any CPU
		Release|Any CPU = Release|Any CPU
	EndGlobalSection
	GlobalSection(ProjectConfigurationPlatforms) = postSolution
		{D946E4DF-89D0-4178-8548-92C568BED50D}.Debug|Any CPU.ActiveCfg = Debug|Any CPU
		{D946E4DF-89D0-4178-8548-92C568BED50D}.Debug|Any CPU.Build.0 = Debug|Any CPU
		{D946E4DF-89D0-4178-8548-92C568BED50D}.Release|Any CPU.ActiveCfg = Release|Any CPU
		{D946E4DF-89D0-4178-8548-92C568BED50D}.Release|Any CPU.Build.0 = Release|Any CPU
	EndGlobalSection
	GlobalSection(SolutionProperties) = preSolution
		HideSolutionNode = FALSE
	EndGlobalSection
	GlobalSection(ExtensibilityGlobals) = postSolution
		SolutionGuid = {BB784F70-4952-47AF-84B6-EA23314D1A0D}
	EndGlobalSection
EndGlobal
